
Microsoft Visual Studio Solution File, Format Version 12.00
# Visual Studio Version 17
VisualStudioVersion = 17.14.36623.8
MinimumVisualStudioVersion = 10.0.40219.1
Project("{FAE04EC0-301F-11D3-BF4B-00C04F79EFBC}") = "ContaBancaria", "ContaBancaria\ContaBancaria.csproj", "{81F69097-8861-4C48-8C8C-96571E15FC8C}"
EndProject
Project("{FAE04EC0-301F-11D3-BF4B-00C04F79EFBC}") = "ContaBancaria.Tests", "ContaBancaria.Tests\ContaBancaria.Tests.csproj", "{FF073A34-85DB-471B-BDCB-DD75F3F00621}"
EndProject
Global
	GlobalSection(SolutionConfigurationPlatforms) = preSolution
		Debug|Any CPU = Debug|Any CPU
		Release|Any CPU = Release|Any CPU
	EndGlobalSection
	GlobalSection(ProjectConfigurationPlatforms) = postSolution
		{81F69097-8861-4C48-8C8C-96571E15FC8C}.Debug|Any CPU.ActiveCfg = Debug|Any CPU
		{81F69097-8861-4C48-8C8C-96571E15FC8C}.Debug|Any CPU.Build.0 = Debug|Any CPU
		{81F69097-8861-4C48-8C8C-96571E15FC8C}.Release|Any CPU.ActiveCfg = Release|Any CPU
		{81F69097-8861-4C48-8C8C-96571E15FC8C}.Release|Any CPU.Build.0 = Release|Any CPU
		{FF073A34-85DB-471B-BDCB-DD75F3F00621}.Debug|Any CPU.ActiveCfg = Debug|Any CPU
		{FF073A34-85DB-471B-BDCB-DD75F3F00621}.Debug|Any CPU.Build.0 = Debug|Any CPU
		{FF073A34-85DB-471B-BDCB-DD75F3F00621}.Release|Any CPU.ActiveCfg = Release|Any CPU
		{FF073A34-85DB-471B-BDCB-DD75F3F00621}.Release|Any CPU.Build.0 = Release|Any CPU
	EndGlobalSection
	GlobalSection(SolutionProperties) = preSolution
		HideSolutionNode = FALSE
	EndGlobalSection
	GlobalSection(ExtensibilityGlobals) = postSolution
		SolutionGuid = {B2BED05C-6B96-47D9-B69E-AA3A934F5374}
	EndGlobalSection
EndGlobal
